
Microsoft Visual Studio Solution File, Format Version 12.00
# Visual Studio Version 17
VisualStudioVersion = 17.0.31903.59
MinimumVisualStudioVersion = 10.0.40219.1
Project("{2150E333-8FDC-42A3-9474-1A3956D46DE8}") = "deploy", "deploy", "{73597B9C-1512-46EF-81A3-4758B979B665}"
	ProjectSection(SolutionItems) = preProject
		deploy\deploy-to-azure.ps1 = deploy\deploy-to-azure.ps1
	EndProjectSection
EndProject
Project("{9A19103F-16F7-4668-BE54-9A1E7A4F7556}") = "Database", "src\Database\Database.csproj", "{EF806643-0D3E-4561-A13B-E0DDC63179DF}"
EndProject
Project("{2150E333-8FDC-42A3-9474-1A3956D46DE8}") = "docs", "docs", "{1DC22F60-C4F7-4CBC-9614-2832CF5B3BBC}"
	ProjectSection(SolutionItems) = preProject
		..\..\.editorconfig = ..\..\.editorconfig
		..\..\.gitignore = ..\..\.gitignore
		..\..\LICENSE = ..\..\LICENSE
		..\..\README.md = ..\..\README.md
	EndProjectSection
EndProject
Project("{9A19103F-16F7-4668-BE54-9A1E7A4F7556}") = "1-BasicConfiguration", "src\1-BasicConfiguration\1-BasicConfiguration.csproj", "{1CB76F0C-566F-4924-B371-AB43FC92AC5B}"
EndProject
Project("{9A19103F-16F7-4668-BE54-9A1E7A4F7556}") = "2-Options", "src\2-Options\2-Options.csproj", "{F34C6204-2B00-4876-8567-6B6856BFF813}"
EndProject
Project("{9A19103F-16F7-4668-BE54-9A1E7A4F7556}") = "3-UserSecrets", "src\3-UserSecrets\3-UserSecrets.csproj", "{965B3E76-C3DA-4D08-B8E6-A70866AF3B65}"
EndProject
Project("{9A19103F-16F7-4668-BE54-9A1E7A4F7556}") = "4-Cloud", "src\4-Cloud\4-Cloud.csproj", "{93989B4A-556F-481F-A668-1C9CC08286EF}"
EndProject
Global
	GlobalSection(SolutionConfigurationPlatforms) = preSolution
		Debug|Any CPU = Debug|Any CPU
		Release|Any CPU = Release|Any CPU
	EndGlobalSection
	GlobalSection(ProjectConfigurationPlatforms) = postSolution
		{EF806643-0D3E-4561-A13B-E0DDC63179DF}.Debug|Any CPU.ActiveCfg = Debug|Any CPU
		{EF806643-0D3E-4561-A13B-E0DDC63179DF}.Debug|Any CPU.Build.0 = Debug|Any CPU
		{EF806643-0D3E-4561-A13B-E0DDC63179DF}.Release|Any CPU.ActiveCfg = Release|Any CPU
		{EF806643-0D3E-4561-A13B-E0DDC63179DF}.Release|Any CPU.Build.0 = Release|Any CPU
		{1CB76F0C-566F-4924-B371-AB43FC92AC5B}.Debug|Any CPU.ActiveCfg = Debug|Any CPU
		{1CB76F0C-566F-4924-B371-AB43FC92AC5B}.Debug|Any CPU.Build.0 = Debug|Any CPU
		{1CB76F0C-566F-4924-B371-AB43FC92AC5B}.Release|Any CPU.ActiveCfg = Release|Any CPU
		{1CB76F0C-566F-4924-B371-AB43FC92AC5B}.Release|Any CPU.Build.0 = Release|Any CPU
		{F34C6204-2B00-4876-8567-6B6856BFF813}.Debug|Any CPU.ActiveCfg = Debug|Any CPU
		{F34C6204-2B00-4876-8567-6B6856BFF813}.Debug|Any CPU.Build.0 = Debug|Any CPU
		{F34C6204-2B00-4876-8567-6B6856BFF813}.Release|Any CPU.ActiveCfg = Release|Any CPU
		{F34C6204-2B00-4876-8567-6B6856BFF813}.Release|Any CPU.Build.0 = Release|Any CPU
		{965B3E76-C3DA-4D08-B8E6-A70866AF3B65}.Debug|Any CPU.ActiveCfg = Debug|Any CPU
		{965B3E76-C3DA-4D08-B8E6-A70866AF3B65}.Debug|Any CPU.Build.0 = Debug|Any CPU
		{965B3E76-C3DA-4D08-B8E6-A70866AF3B65}.Release|Any CPU.ActiveCfg = Release|Any CPU
		{965B3E76-C3DA-4D08-B8E6-A70866AF3B65}.Release|Any CPU.Build.0 = Release|Any CPU
		{93989B4A-556F-481F-A668-1C9CC08286EF}.Debug|Any CPU.ActiveCfg = Debug|Any CPU
		{93989B4A-556F-481F-A668-1C9CC08286EF}.Debug|Any CPU.Build.0 = Debug|Any CPU
		{93989B4A-556F-481F-A668-1C9CC08286EF}.Release|Any CPU.ActiveCfg = Release|Any CPU
		{93989B4A-556F-481F-A668-1C9CC08286EF}.Release|Any CPU.Build.0 = Release|Any CPU
	EndGlobalSection
	GlobalSection(SolutionProperties) = preSolution
		HideSolutionNode = FALSE
	EndGlobalSection
	GlobalSection(ExtensibilityGlobals) = postSolution
		SolutionGuid = {BFB4C81B-5786-420D-BB97-9C520EF7C356}
	EndGlobalSection
EndGlobal
