
Microsoft Visual Studio Solution File, Format Version 12.00
# Visual Studio Version 17
VisualStudioVersion = 17.0.31903.59
MinimumVisualStudioVersion = 10.0.40219.1
Project("{9A19103F-16F7-4668-BE54-9A1E7A4F7556}") = "AppSettings", "AppSettings\AppSettings.csproj", "{58B6FE81-7BB5-4B19-B069-64602DB93AE8}"
EndProject
Project("{2150E333-8FDC-42A3-9474-1A3956D46DE8}") = "deploy", "deploy", "{73597B9C-1512-46EF-81A3-4758B979B665}"
	ProjectSection(SolutionItems) = preProject
		..\deploy\deploy-to-azure.ps1 = ..\deploy\deploy-to-azure.ps1
	EndProjectSection
EndProject
Project("{9A19103F-16F7-4668-BE54-9A1E7A4F7556}") = "EnvironmentVariables", "EnvironmentVariables\EnvironmentVariables.csproj", "{0760BBE4-6EE3-4076-92B2-6726EA4F4F42}"
EndProject
Project("{9A19103F-16F7-4668-BE54-9A1E7A4F7556}") = "AppSettingsPlaceholders", "AppSettingsPlaceholders\AppSettingsPlaceholders.csproj", "{EA70E428-7FC9-4E75-8818-D8FDBE53F7BC}"
EndProject
Project("{9A19103F-16F7-4668-BE54-9A1E7A4F7556}") = "KeyVaultAndUserSecrets", "KeyVaultAndUserSecrets\KeyVaultAndUserSecrets.csproj", "{176098F3-B2D9-4303-8E6D-3D8B165079D5}"
EndProject
Project("{9A19103F-16F7-4668-BE54-9A1E7A4F7556}") = "Database", "Database\Database.csproj", "{EF806643-0D3E-4561-A13B-E0DDC63179DF}"
EndProject
Project("{2150E333-8FDC-42A3-9474-1A3956D46DE8}") = "docs", "docs", "{1DC22F60-C4F7-4CBC-9614-2832CF5B3BBC}"
	ProjectSection(SolutionItems) = preProject
		..\.editorconfig = ..\.editorconfig
		..\.gitignore = ..\.gitignore
		..\LICENSE = ..\LICENSE
		..\README.md = ..\README.md
	EndProjectSection
EndProject
Global
	GlobalSection(SolutionConfigurationPlatforms) = preSolution
		Debug|Any CPU = Debug|Any CPU
		Release|Any CPU = Release|Any CPU
	EndGlobalSection
	GlobalSection(ProjectConfigurationPlatforms) = postSolution
		{58B6FE81-7BB5-4B19-B069-64602DB93AE8}.Debug|Any CPU.ActiveCfg = Debug|Any CPU
		{58B6FE81-7BB5-4B19-B069-64602DB93AE8}.Debug|Any CPU.Build.0 = Debug|Any CPU
		{58B6FE81-7BB5-4B19-B069-64602DB93AE8}.Release|Any CPU.ActiveCfg = Release|Any CPU
		{58B6FE81-7BB5-4B19-B069-64602DB93AE8}.Release|Any CPU.Build.0 = Release|Any CPU
		{0760BBE4-6EE3-4076-92B2-6726EA4F4F42}.Debug|Any CPU.ActiveCfg = Debug|Any CPU
		{0760BBE4-6EE3-4076-92B2-6726EA4F4F42}.Debug|Any CPU.Build.0 = Debug|Any CPU
		{0760BBE4-6EE3-4076-92B2-6726EA4F4F42}.Release|Any CPU.ActiveCfg = Release|Any CPU
		{0760BBE4-6EE3-4076-92B2-6726EA4F4F42}.Release|Any CPU.Build.0 = Release|Any CPU
		{EA70E428-7FC9-4E75-8818-D8FDBE53F7BC}.Debug|Any CPU.ActiveCfg = Debug|Any CPU
		{EA70E428-7FC9-4E75-8818-D8FDBE53F7BC}.Debug|Any CPU.Build.0 = Debug|Any CPU
		{EA70E428-7FC9-4E75-8818-D8FDBE53F7BC}.Release|Any CPU.ActiveCfg = Release|Any CPU
		{EA70E428-7FC9-4E75-8818-D8FDBE53F7BC}.Release|Any CPU.Build.0 = Release|Any CPU
		{176098F3-B2D9-4303-8E6D-3D8B165079D5}.Debug|Any CPU.ActiveCfg = Debug|Any CPU
		{176098F3-B2D9-4303-8E6D-3D8B165079D5}.Debug|Any CPU.Build.0 = Debug|Any CPU
		{176098F3-B2D9-4303-8E6D-3D8B165079D5}.Release|Any CPU.ActiveCfg = Release|Any CPU
		{176098F3-B2D9-4303-8E6D-3D8B165079D5}.Release|Any CPU.Build.0 = Release|Any CPU
		{EF806643-0D3E-4561-A13B-E0DDC63179DF}.Debug|Any CPU.ActiveCfg = Debug|Any CPU
		{EF806643-0D3E-4561-A13B-E0DDC63179DF}.Debug|Any CPU.Build.0 = Debug|Any CPU
		{EF806643-0D3E-4561-A13B-E0DDC63179DF}.Release|Any CPU.ActiveCfg = Release|Any CPU
		{EF806643-0D3E-4561-A13B-E0DDC63179DF}.Release|Any CPU.Build.0 = Release|Any CPU
	EndGlobalSection
	GlobalSection(SolutionProperties) = preSolution
		HideSolutionNode = FALSE
	EndGlobalSection
	GlobalSection(ExtensibilityGlobals) = postSolution
		SolutionGuid = {BFB4C81B-5786-420D-BB97-9C520EF7C356}
	EndGlobalSection
EndGlobal
